
Microsoft Visual Studio Solution File, Format Version 12.00
Project("{FAE04EC0-301F-11D3-BF4B-00C04F79EFBC}") = "HashingExperiments", "HashingExperiments\HashingExperiments.csproj", "{0F5DC465-1910-4B10-854D-E1856E0F0FC2}"
EndProject
Global
	GlobalSection(SolutionConfigurationPlatforms) = preSolution
		Debug|Any CPU = Debug|Any CPU
		Release|Any CPU = Release|Any CPU
	EndGlobalSection
	GlobalSection(ProjectConfigurationPlatforms) = postSolution
		{0F5DC465-1910-4B10-854D-E1856E0F0FC2}.Debug|Any CPU.ActiveCfg = Debug|Any CPU
		{0F5DC465-1910-4B10-854D-E1856E0F0FC2}.Debug|Any CPU.Build.0 = Debug|Any CPU
		{0F5DC465-1910-4B10-854D-E1856E0F0FC2}.Release|Any CPU.ActiveCfg = Release|Any CPU
		{0F5DC465-1910-4B10-854D-E1856E0F0FC2}.Release|Any CPU.Build.0 = Release|Any CPU
	EndGlobalSection
EndGlobal
